
Microsoft Visual Studio Solution File, Format Version 12.00
# Visual Studio Version 16
VisualStudioVersion = 16.0.31129.286
MinimumVisualStudioVersion = 10.0.40219.1
Project("{FAE04EC0-301F-11D3-BF4B-00C04F79EFBC}") = "Charge_Off_Activity_Mock1", "Charge_Off_Activity_Mock1\Charge_Off_Activity_Mock1.csproj", "{FDDD9248-6881-4427-A92C-8E93F3B580B5}"
EndProject
Global
	GlobalSection(SolutionConfigurationPlatforms) = preSolution
		Debug|Any CPU = Debug|Any CPU
		Release|Any CPU = Release|Any CPU
	EndGlobalSection
	GlobalSection(ProjectConfigurationPlatforms) = postSolution
		{FDDD9248-6881-4427-A92C-8E93F3B580B5}.Debug|Any CPU.ActiveCfg = Debug|Any CPU
		{FDDD9248-6881-4427-A92C-8E93F3B580B5}.Debug|Any CPU.Build.0 = Debug|Any CPU
		{FDDD9248-6881-4427-A92C-8E93F3B580B5}.Release|Any CPU.ActiveCfg = Release|Any CPU
		{FDDD9248-6881-4427-A92C-8E93F3B580B5}.Release|Any CPU.Build.0 = Release|Any CPU
	EndGlobalSection
	GlobalSection(SolutionProperties) = preSolution
		HideSolutionNode = FALSE
	EndGlobalSection
	GlobalSection(ExtensibilityGlobals) = postSolution
		SolutionGuid = {6B695321-AA11-4C4C-A3D7-7BBB3DF08112}
	EndGlobalSection
EndGlobal
