
Microsoft Visual Studio Solution File, Format Version 12.00
# Visual Studio Version 16
VisualStudioVersion = 16.0.31129.286
MinimumVisualStudioVersion = 10.0.40219.1
Project("{FAE04EC0-301F-11D3-BF4B-00C04F79EFBC}") = "Take_Over_Dis_Property", "Take_Over_Dis_Property\Take_Over_Dis_Property.csproj", "{3241C95E-E0DD-43B4-B652-F2661A72017F}"
EndProject
Global
	GlobalSection(SolutionConfigurationPlatforms) = preSolution
		Debug|Any CPU = Debug|Any CPU
		Release|Any CPU = Release|Any CPU
	EndGlobalSection
	GlobalSection(ProjectConfigurationPlatforms) = postSolution
		{3241C95E-E0DD-43B4-B652-F2661A72017F}.Debug|Any CPU.ActiveCfg = Debug|Any CPU
		{3241C95E-E0DD-43B4-B652-F2661A72017F}.Debug|Any CPU.Build.0 = Debug|Any CPU
		{3241C95E-E0DD-43B4-B652-F2661A72017F}.Release|Any CPU.ActiveCfg = Release|Any CPU
		{3241C95E-E0DD-43B4-B652-F2661A72017F}.Release|Any CPU.Build.0 = Release|Any CPU
	EndGlobalSection
	GlobalSection(SolutionProperties) = preSolution
		HideSolutionNode = FALSE
	EndGlobalSection
	GlobalSection(ExtensibilityGlobals) = postSolution
		SolutionGuid = {0805622D-EE32-4321-A162-9187FE7F40CB}
	EndGlobalSection
EndGlobal
