
Microsoft Visual Studio Solution File, Format Version 12.00
# Visual Studio Version 17
VisualStudioVersion = 17.0.31912.275
MinimumVisualStudioVersion = 10.0.40219.1
Project("{FAE04EC0-301F-11D3-BF4B-00C04F79EFBC}") = "Capture_Bill", "Capture_Bill\Capture_Bill.csproj", "{EA0997CD-8E25-493B-8B5C-9E802F3E32FE}"
EndProject
Global
	GlobalSection(SolutionConfigurationPlatforms) = preSolution
		Debug|Any CPU = Debug|Any CPU
		Release|Any CPU = Release|Any CPU
	EndGlobalSection
	GlobalSection(ProjectConfigurationPlatforms) = postSolution
		{EA0997CD-8E25-493B-8B5C-9E802F3E32FE}.Debug|Any CPU.ActiveCfg = Debug|Any CPU
		{EA0997CD-8E25-493B-8B5C-9E802F3E32FE}.Debug|Any CPU.Build.0 = Debug|Any CPU
		{EA0997CD-8E25-493B-8B5C-9E802F3E32FE}.Release|Any CPU.ActiveCfg = Release|Any CPU
		{EA0997CD-8E25-493B-8B5C-9E802F3E32FE}.Release|Any CPU.Build.0 = Release|Any CPU
	EndGlobalSection
	GlobalSection(SolutionProperties) = preSolution
		HideSolutionNode = FALSE
	EndGlobalSection
	GlobalSection(ExtensibilityGlobals) = postSolution
		SolutionGuid = {D5E893DD-4868-474F-A05C-4148E5879004}
	EndGlobalSection
EndGlobal
